// !$*UTF8*$!
{
	archiveVersion = 1;
	classes = {
	};
	objectVersion = 77;
	objects = {

/* Begin PBXBuildFile section */
		635EAF80DFC410FD3B043D82 /* Pods_TrackerAppTests.framework in Frameworks */ = {isa = PBXBuildFile; fileRef = 8AFF03076DF0A2D9CB38853F /* Pods_TrackerAppTests.framework */; };
		9314B20A17BF659BB55B9FDE /* Pods_TrackerApp.framework in Frameworks */ = {isa = PBXBuildFile; fileRef = 25678C49A577ACD45584B68C /* Pods_TrackerApp.framework */; };
		BF8F2736B93E549B29DA24B3 /* Pods_TrackerApp_TrackerAppUITests.framework in Frameworks */ = {isa = PBXBuildFile; fileRef = 9E6D1EDEAB5C395C9D4076F5 /* Pods_TrackerApp_TrackerAppUITests.framework */; };
		BFB4255D2CAAB0A400CA4BAF /* Tracker.swift in Sources */ = {isa = PBXBuildFile; fileRef = BFB4254C2CAAB0A400CA4BAF /* Tracker.swift */; };
		BFB4255E2CAAB0A400CA4BAF /* TrackerCategory.swift in Sources */ = {isa = PBXBuildFile; fileRef = BFB4254D2CAAB0A400CA4BAF /* TrackerCategory.swift */; };
		BFB4255F2CAAB0A400CA4BAF /* TrackerRecord.swift in Sources */ = {isa = PBXBuildFile; fileRef = BFB4254E2CAAB0A400CA4BAF /* TrackerRecord.swift */; };
		BFB425602CAAB0A400CA4BAF /* AppDelegate.swift in Sources */ = {isa = PBXBuildFile; fileRef = BFB425502CAAB0A400CA4BAF /* AppDelegate.swift */; };
		BFB425612CAAB0A400CA4BAF /* SceneDelegate.swift in Sources */ = {isa = PBXBuildFile; fileRef = BFB425572CAAB0A400CA4BAF /* SceneDelegate.swift */; };
		BFB425622CAAB0A400CA4BAF /* StatisticsViewController.swift in Sources */ = {isa = PBXBuildFile; fileRef = BFB425582CAAB0A400CA4BAF /* StatisticsViewController.swift */; };
		BFB425632CAAB0A400CA4BAF /* AddTrackerViewController.swift in Sources */ = {isa = PBXBuildFile; fileRef = BFB425592CAAB0A400CA4BAF /* AddTrackerViewController.swift */; };
		BFB425642CAAB0A400CA4BAF /* TrackerViewController.swift in Sources */ = {isa = PBXBuildFile; fileRef = BFB4255A2CAAB0A400CA4BAF /* TrackerViewController.swift */; };
		BFB425662CAAB0A400CA4BAF /* Assets.xcassets in Resources */ = {isa = PBXBuildFile; fileRef = BFB425512CAAB0A400CA4BAF /* Assets.xcassets */; };
		BFB425682CAAB0A400CA4BAF /* LaunchScreen.storyboard in Resources */ = {isa = PBXBuildFile; fileRef = BFB425542CAAB0A400CA4BAF /* LaunchScreen.storyboard */; };
		BFB4256C2CAAB0AB00CA4BAF /* TrackerAppTests.swift in Sources */ = {isa = PBXBuildFile; fileRef = BFB4256A2CAAB0AB00CA4BAF /* TrackerAppTests.swift */; };
		BFB425702CAAB0AE00CA4BAF /* TrackerAppUITests.swift in Sources */ = {isa = PBXBuildFile; fileRef = BFB4256D2CAAB0AE00CA4BAF /* TrackerAppUITests.swift */; };
		BFB425712CAAB0AE00CA4BAF /* TrackerAppUITestsLaunchTests.swift in Sources */ = {isa = PBXBuildFile; fileRef = BFB4256E2CAAB0AE00CA4BAF /* TrackerAppUITestsLaunchTests.swift */; };
		BFB425732CAAB19000CA4BAF /* WeekDay.swift in Sources */ = {isa = PBXBuildFile; fileRef = BFB425722CAAB18D00CA4BAF /* WeekDay.swift */; };
		BFB4258C2CAFF78600CA4BAF /* TabBarController.swift in Sources */ = {isa = PBXBuildFile; fileRef = BFB4258B2CAFF78600CA4BAF /* TabBarController.swift */; };
		BFB4258E2CB2C87B00CA4BAF /* TrackersCollectionViewCell.swift in Sources */ = {isa = PBXBuildFile; fileRef = BFB4258D2CB2C87B00CA4BAF /* TrackersCollectionViewCell.swift */; };
		BFB425902CB2D05600CA4BAF /* CreateHabitViewController.swift in Sources */ = {isa = PBXBuildFile; fileRef = BFB4258F2CB2D05600CA4BAF /* CreateHabitViewController.swift */; };
		BFB425922CB3E14500CA4BAF /* CreateHabbitTableViewCell.swift in Sources */ = {isa = PBXBuildFile; fileRef = BFB425912CB3E13A00CA4BAF /* CreateHabbitTableViewCell.swift */; };
		BFB425942CB3E55400CA4BAF /* ScheduleViewController.swift in Sources */ = {isa = PBXBuildFile; fileRef = BFB425932CB3E55000CA4BAF /* ScheduleViewController.swift */; };
		BFB4259B2CB521B100CA4BAF /* UIView+Extension.swift in Sources */ = {isa = PBXBuildFile; fileRef = BFB4259A2CB521A400CA4BAF /* UIView+Extension.swift */; };
		BFDAE2212CB7DA4400ECAA6F /* TrackerCVHeader.swift in Sources */ = {isa = PBXBuildFile; fileRef = BFDAE2202CB7DA3E00ECAA6F /* TrackerCVHeader.swift */; };
		BFDAE2242CC2763800ECAA6F /* GeometricParameters.swift in Sources */ = {isa = PBXBuildFile; fileRef = BFDAE2232CC2762F00ECAA6F /* GeometricParameters.swift */; };
		BFDAE2272CC6547100ECAA6F /* TrackerFilterPlaceholder.swift in Sources */ = {isa = PBXBuildFile; fileRef = BFDAE2262CC6545A00ECAA6F /* TrackerFilterPlaceholder.swift */; };
		BFDAE2292CC654D800ECAA6F /* TrackerPlaceholderView.swift in Sources */ = {isa = PBXBuildFile; fileRef = BFDAE2282CC654D000ECAA6F /* TrackerPlaceholderView.swift */; };
		BFDAE22B2CC79D7100ECAA6F /* UIViewContoller+Extensions.swift in Sources */ = {isa = PBXBuildFile; fileRef = BFDAE22A2CC79D6600ECAA6F /* UIViewContoller+Extensions.swift */; };
		BFDAE26E2CC9065000ECAA6F /* EmojiCollectionViewCell.swift in Sources */ = {isa = PBXBuildFile; fileRef = BFDAE26D2CC9064C00ECAA6F /* EmojiCollectionViewCell.swift */; };
		BFDAE2702CC9081E00ECAA6F /* ColorSelectionCollectionViewCell.swift in Sources */ = {isa = PBXBuildFile; fileRef = BFDAE26F2CC9081B00ECAA6F /* ColorSelectionCollectionViewCell.swift */; };
		BFDAE2722CCA4E6A00ECAA6F /* TrackerCreationCVHeader.swift in Sources */ = {isa = PBXBuildFile; fileRef = BFDAE2712CCA4E6200ECAA6F /* TrackerCreationCVHeader.swift */; };
		BFDAE2A52CCA76B800ECAA6F /* TrackerModel.xcdatamodeld in Sources */ = {isa = PBXBuildFile; fileRef = BFDAE2A32CCA76B800ECAA6F /* TrackerModel.xcdatamodeld */; };
		BFDAE2A92CCA85BC00ECAA6F /* TrackerStore.swift in Sources */ = {isa = PBXBuildFile; fileRef = BFDAE2A82CCA85B600ECAA6F /* TrackerStore.swift */; };
		BFDAE2AB2CCA85CB00ECAA6F /* TrackerCategoryStore.swift in Sources */ = {isa = PBXBuildFile; fileRef = BFDAE2AA2CCA85C300ECAA6F /* TrackerCategoryStore.swift */; };
		BFDAE2AD2CCA85D900ECAA6F /* TrackerRecordStore.swift in Sources */ = {isa = PBXBuildFile; fileRef = BFDAE2AC2CCA85CF00ECAA6F /* TrackerRecordStore.swift */; };
		BFDAE2AF2CD0E68800ECAA6F /* UIColor+Extension.swift in Sources */ = {isa = PBXBuildFile; fileRef = BFDAE2AE2CD0E68200ECAA6F /* UIColor+Extension.swift */; };
		BFDAE2B12CD8D4C200ECAA6F /* CoreDataMain.swift in Sources */ = {isa = PBXBuildFile; fileRef = BFDAE2B02CD8D4BC00ECAA6F /* CoreDataMain.swift */; };
		BFDAE3252CE4B68B00ECAA6F /* OnboardingPageViewController.swift in Sources */ = {isa = PBXBuildFile; fileRef = BFDAE3242CE4B68B00ECAA6F /* OnboardingPageViewController.swift */; };
		BFDAE3272CE4B69E00ECAA6F /* OnboardingViewController.swift in Sources */ = {isa = PBXBuildFile; fileRef = BFDAE3262CE4B69E00ECAA6F /* OnboardingViewController.swift */; };
		BFDAE32A2CE5F3FB00ECAA6F /* CategoryCreationViewController.swift in Sources */ = {isa = PBXBuildFile; fileRef = BFDAE3292CE5F3FB00ECAA6F /* CategoryCreationViewController.swift */; };
		BFDAE32C2CE5F4C600ECAA6F /* CategoryCreationViewModel.swift in Sources */ = {isa = PBXBuildFile; fileRef = BFDAE32B2CE5F4C600ECAA6F /* CategoryCreationViewModel.swift */; };
		BFDAE32E2CE5FE5600ECAA6F /* CategoryListViewController.swift in Sources */ = {isa = PBXBuildFile; fileRef = BFDAE32D2CE5FE5600ECAA6F /* CategoryListViewController.swift */; };
		BFDAE3302CE5FEE000ECAA6F /* CategoryListViewModel.swift in Sources */ = {isa = PBXBuildFile; fileRef = BFDAE32F2CE5FEE000ECAA6F /* CategoryListViewModel.swift */; };
		BFDAE3322CE600FA00ECAA6F /* ViewState.swift in Sources */ = {isa = PBXBuildFile; fileRef = BFDAE3312CE600FA00ECAA6F /* ViewState.swift */; };
		BFDAE3342CE6012B00ECAA6F /* EmptyStateType.swift in Sources */ = {isa = PBXBuildFile; fileRef = BFDAE3332CE6012B00ECAA6F /* EmptyStateType.swift */; };
		BFDAE3362CE6045B00ECAA6F /* EmptyStateView.swift in Sources */ = {isa = PBXBuildFile; fileRef = BFDAE3352CE6045B00ECAA6F /* EmptyStateView.swift */; };
		BFDAE35F2CE760B700ECAA6F /* Localizable.strings in Resources */ = {isa = PBXBuildFile; fileRef = BFDAE35D2CE760B700ECAA6F /* Localizable.strings */; };
		BFDAE3632CE7631400ECAA6F /* LocalizationHelper.swift in Sources */ = {isa = PBXBuildFile; fileRef = BFDAE3622CE7630B00ECAA6F /* LocalizationHelper.swift */; };
		BFDAE37F2CEDEC6500ECAA6F /* AnalyticsService.swift in Sources */ = {isa = PBXBuildFile; fileRef = BFDAE37E2CEDEC6500ECAA6F /* AnalyticsService.swift */; };
/* End PBXBuildFile section */

/* Begin PBXContainerItemProxy section */
		BF6D4C752CA6AE050097D803 /* PBXContainerItemProxy */ = {
			isa = PBXContainerItemProxy;
			containerPortal = BF6D4C562CA6AE030097D803 /* Project object */;
			proxyType = 1;
			remoteGlobalIDString = BF6D4C5D2CA6AE030097D803;
			remoteInfo = TrackerApp;
		};
		BF6D4C7F2CA6AE050097D803 /* PBXContainerItemProxy */ = {
			isa = PBXContainerItemProxy;
			containerPortal = BF6D4C562CA6AE030097D803 /* Project object */;
			proxyType = 1;
			remoteGlobalIDString = BF6D4C5D2CA6AE030097D803;
			remoteInfo = TrackerApp;
		};
/* End PBXContainerItemProxy section */

/* Begin PBXFileReference section */
		0B4B6964B3EAB4419FB16F6E /* Pods-TrackerApp.debug.xcconfig */ = {isa = PBXFileReference; includeInIndex = 1; lastKnownFileType = text.xcconfig; name = "Pods-TrackerApp.debug.xcconfig"; path = "Target Support Files/Pods-TrackerApp/Pods-TrackerApp.debug.xcconfig"; sourceTree = "<group>"; };
		0F9C84E2224FAEE3F58004C5 /* Pods-TrackerAppTests.debug.xcconfig */ = {isa = PBXFileReference; includeInIndex = 1; lastKnownFileType = text.xcconfig; name = "Pods-TrackerAppTests.debug.xcconfig"; path = "Target Support Files/Pods-TrackerAppTests/Pods-TrackerAppTests.debug.xcconfig"; sourceTree = "<group>"; };
		25678C49A577ACD45584B68C /* Pods_TrackerApp.framework */ = {isa = PBXFileReference; explicitFileType = wrapper.framework; includeInIndex = 0; path = Pods_TrackerApp.framework; sourceTree = BUILT_PRODUCTS_DIR; };
		30152943C13F9EE39EC1794B /* Pods-TrackerApp-TrackerAppUITests.debug.xcconfig */ = {isa = PBXFileReference; includeInIndex = 1; lastKnownFileType = text.xcconfig; name = "Pods-TrackerApp-TrackerAppUITests.debug.xcconfig"; path = "Target Support Files/Pods-TrackerApp-TrackerAppUITests/Pods-TrackerApp-TrackerAppUITests.debug.xcconfig"; sourceTree = "<group>"; };
		473E51D3ED73D3C8CA599183 /* Pods-TrackerAppTests.release.xcconfig */ = {isa = PBXFileReference; includeInIndex = 1; lastKnownFileType = text.xcconfig; name = "Pods-TrackerAppTests.release.xcconfig"; path = "Target Support Files/Pods-TrackerAppTests/Pods-TrackerAppTests.release.xcconfig"; sourceTree = "<group>"; };
		7C9A7C3E960E4C05F69D68F2 /* Pods-TrackerApp-TrackerAppUITests.release.xcconfig */ = {isa = PBXFileReference; includeInIndex = 1; lastKnownFileType = text.xcconfig; name = "Pods-TrackerApp-TrackerAppUITests.release.xcconfig"; path = "Target Support Files/Pods-TrackerApp-TrackerAppUITests/Pods-TrackerApp-TrackerAppUITests.release.xcconfig"; sourceTree = "<group>"; };
		8AFF03076DF0A2D9CB38853F /* Pods_TrackerAppTests.framework */ = {isa = PBXFileReference; explicitFileType = wrapper.framework; includeInIndex = 0; path = Pods_TrackerAppTests.framework; sourceTree = BUILT_PRODUCTS_DIR; };
		9E6D1EDEAB5C395C9D4076F5 /* Pods_TrackerApp_TrackerAppUITests.framework */ = {isa = PBXFileReference; explicitFileType = wrapper.framework; includeInIndex = 0; path = Pods_TrackerApp_TrackerAppUITests.framework; sourceTree = BUILT_PRODUCTS_DIR; };
		BF6D4C5E2CA6AE030097D803 /* TrackerApp.app */ = {isa = PBXFileReference; explicitFileType = wrapper.application; includeInIndex = 0; path = TrackerApp.app; sourceTree = BUILT_PRODUCTS_DIR; };
		BF6D4C742CA6AE050097D803 /* TrackerAppTests.xctest */ = {isa = PBXFileReference; explicitFileType = wrapper.cfbundle; includeInIndex = 0; path = TrackerAppTests.xctest; sourceTree = BUILT_PRODUCTS_DIR; };
		BF6D4C7E2CA6AE050097D803 /* TrackerAppUITests.xctest */ = {isa = PBXFileReference; explicitFileType = wrapper.cfbundle; includeInIndex = 0; path = TrackerAppUITests.xctest; sourceTree = BUILT_PRODUCTS_DIR; };
		BFB4254C2CAAB0A400CA4BAF /* Tracker.swift */ = {isa = PBXFileReference; lastKnownFileType = sourcecode.swift; path = Tracker.swift; sourceTree = "<group>"; };
		BFB4254D2CAAB0A400CA4BAF /* TrackerCategory.swift */ = {isa = PBXFileReference; lastKnownFileType = sourcecode.swift; path = TrackerCategory.swift; sourceTree = "<group>"; };
		BFB4254E2CAAB0A400CA4BAF /* TrackerRecord.swift */ = {isa = PBXFileReference; lastKnownFileType = sourcecode.swift; path = TrackerRecord.swift; sourceTree = "<group>"; };
		BFB425502CAAB0A400CA4BAF /* AppDelegate.swift */ = {isa = PBXFileReference; lastKnownFileType = sourcecode.swift; path = AppDelegate.swift; sourceTree = "<group>"; };
		BFB425512CAAB0A400CA4BAF /* Assets.xcassets */ = {isa = PBXFileReference; lastKnownFileType = folder.assetcatalog; path = Assets.xcassets; sourceTree = "<group>"; };
		BFB425522CAAB0A400CA4BAF /* Info.plist */ = {isa = PBXFileReference; lastKnownFileType = text.plist.xml; path = Info.plist; sourceTree = "<group>"; };
		BFB425532CAAB0A400CA4BAF /* Base */ = {isa = PBXFileReference; lastKnownFileType = file.storyboard; name = Base; path = Base.lproj/LaunchScreen.storyboard; sourceTree = "<group>"; };
		BFB425572CAAB0A400CA4BAF /* SceneDelegate.swift */ = {isa = PBXFileReference; lastKnownFileType = sourcecode.swift; path = SceneDelegate.swift; sourceTree = "<group>"; };
		BFB425582CAAB0A400CA4BAF /* StatisticsViewController.swift */ = {isa = PBXFileReference; lastKnownFileType = sourcecode.swift; path = StatisticsViewController.swift; sourceTree = "<group>"; };
		BFB425592CAAB0A400CA4BAF /* AddTrackerViewController.swift */ = {isa = PBXFileReference; lastKnownFileType = sourcecode.swift; path = AddTrackerViewController.swift; sourceTree = "<group>"; };
		BFB4255A2CAAB0A400CA4BAF /* TrackerViewController.swift */ = {isa = PBXFileReference; lastKnownFileType = sourcecode.swift; path = TrackerViewController.swift; sourceTree = "<group>"; };
		BFB4256A2CAAB0AB00CA4BAF /* TrackerAppTests.swift */ = {isa = PBXFileReference; lastKnownFileType = sourcecode.swift; path = TrackerAppTests.swift; sourceTree = "<group>"; };
		BFB4256D2CAAB0AE00CA4BAF /* TrackerAppUITests.swift */ = {isa = PBXFileReference; lastKnownFileType = sourcecode.swift; path = TrackerAppUITests.swift; sourceTree = "<group>"; };
		BFB4256E2CAAB0AE00CA4BAF /* TrackerAppUITestsLaunchTests.swift */ = {isa = PBXFileReference; lastKnownFileType = sourcecode.swift; path = TrackerAppUITestsLaunchTests.swift; sourceTree = "<group>"; };
		BFB425722CAAB18D00CA4BAF /* WeekDay.swift */ = {isa = PBXFileReference; lastKnownFileType = sourcecode.swift; path = WeekDay.swift; sourceTree = "<group>"; };
		BFB4258B2CAFF78600CA4BAF /* TabBarController.swift */ = {isa = PBXFileReference; lastKnownFileType = sourcecode.swift; path = TabBarController.swift; sourceTree = "<group>"; };
		BFB4258D2CB2C87B00CA4BAF /* TrackersCollectionViewCell.swift */ = {isa = PBXFileReference; lastKnownFileType = sourcecode.swift; path = TrackersCollectionViewCell.swift; sourceTree = "<group>"; };
		BFB4258F2CB2D05600CA4BAF /* CreateHabitViewController.swift */ = {isa = PBXFileReference; lastKnownFileType = sourcecode.swift; path = CreateHabitViewController.swift; sourceTree = "<group>"; };
		BFB425912CB3E13A00CA4BAF /* CreateHabbitTableViewCell.swift */ = {isa = PBXFileReference; lastKnownFileType = sourcecode.swift; path = CreateHabbitTableViewCell.swift; sourceTree = "<group>"; };
		BFB425932CB3E55000CA4BAF /* ScheduleViewController.swift */ = {isa = PBXFileReference; lastKnownFileType = sourcecode.swift; path = ScheduleViewController.swift; sourceTree = "<group>"; };
		BFB4259A2CB521A400CA4BAF /* UIView+Extension.swift */ = {isa = PBXFileReference; lastKnownFileType = sourcecode.swift; path = "UIView+Extension.swift"; sourceTree = "<group>"; };
		BFDAE2202CB7DA3E00ECAA6F /* TrackerCVHeader.swift */ = {isa = PBXFileReference; lastKnownFileType = sourcecode.swift; path = TrackerCVHeader.swift; sourceTree = "<group>"; };
		BFDAE2232CC2762F00ECAA6F /* GeometricParameters.swift */ = {isa = PBXFileReference; lastKnownFileType = sourcecode.swift; path = GeometricParameters.swift; sourceTree = "<group>"; };
		BFDAE2262CC6545A00ECAA6F /* TrackerFilterPlaceholder.swift */ = {isa = PBXFileReference; lastKnownFileType = sourcecode.swift; path = TrackerFilterPlaceholder.swift; sourceTree = "<group>"; };
		BFDAE2282CC654D000ECAA6F /* TrackerPlaceholderView.swift */ = {isa = PBXFileReference; lastKnownFileType = sourcecode.swift; path = TrackerPlaceholderView.swift; sourceTree = "<group>"; };
		BFDAE22A2CC79D6600ECAA6F /* UIViewContoller+Extensions.swift */ = {isa = PBXFileReference; lastKnownFileType = sourcecode.swift; path = "UIViewContoller+Extensions.swift"; sourceTree = "<group>"; };
		BFDAE26D2CC9064C00ECAA6F /* EmojiCollectionViewCell.swift */ = {isa = PBXFileReference; lastKnownFileType = sourcecode.swift; path = EmojiCollectionViewCell.swift; sourceTree = "<group>"; };
		BFDAE26F2CC9081B00ECAA6F /* ColorSelectionCollectionViewCell.swift */ = {isa = PBXFileReference; lastKnownFileType = sourcecode.swift; path = ColorSelectionCollectionViewCell.swift; sourceTree = "<group>"; };
		BFDAE2712CCA4E6200ECAA6F /* TrackerCreationCVHeader.swift */ = {isa = PBXFileReference; lastKnownFileType = sourcecode.swift; path = TrackerCreationCVHeader.swift; sourceTree = "<group>"; };
		BFDAE2A42CCA76B800ECAA6F /* TrackerModel.xcdatamodel */ = {isa = PBXFileReference; lastKnownFileType = wrapper.xcdatamodel; path = TrackerModel.xcdatamodel; sourceTree = "<group>"; };
		BFDAE2A82CCA85B600ECAA6F /* TrackerStore.swift */ = {isa = PBXFileReference; lastKnownFileType = sourcecode.swift; path = TrackerStore.swift; sourceTree = "<group>"; };
		BFDAE2AA2CCA85C300ECAA6F /* TrackerCategoryStore.swift */ = {isa = PBXFileReference; lastKnownFileType = sourcecode.swift; path = TrackerCategoryStore.swift; sourceTree = "<group>"; };
		BFDAE2AC2CCA85CF00ECAA6F /* TrackerRecordStore.swift */ = {isa = PBXFileReference; lastKnownFileType = sourcecode.swift; path = TrackerRecordStore.swift; sourceTree = "<group>"; };
		BFDAE2AE2CD0E68200ECAA6F /* UIColor+Extension.swift */ = {isa = PBXFileReference; lastKnownFileType = sourcecode.swift; path = "UIColor+Extension.swift"; sourceTree = "<group>"; };
		BFDAE2B02CD8D4BC00ECAA6F /* CoreDataMain.swift */ = {isa = PBXFileReference; lastKnownFileType = sourcecode.swift; path = CoreDataMain.swift; sourceTree = "<group>"; };
		BFDAE3242CE4B68B00ECAA6F /* OnboardingPageViewController.swift */ = {isa = PBXFileReference; lastKnownFileType = sourcecode.swift; path = OnboardingPageViewController.swift; sourceTree = "<group>"; };
		BFDAE3262CE4B69E00ECAA6F /* OnboardingViewController.swift */ = {isa = PBXFileReference; lastKnownFileType = sourcecode.swift; path = OnboardingViewController.swift; sourceTree = "<group>"; };
		BFDAE3292CE5F3FB00ECAA6F /* CategoryCreationViewController.swift */ = {isa = PBXFileReference; lastKnownFileType = sourcecode.swift; path = CategoryCreationViewController.swift; sourceTree = "<group>"; };
		BFDAE32B2CE5F4C600ECAA6F /* CategoryCreationViewModel.swift */ = {isa = PBXFileReference; lastKnownFileType = sourcecode.swift; path = CategoryCreationViewModel.swift; sourceTree = "<group>"; };
		BFDAE32D2CE5FE5600ECAA6F /* CategoryListViewController.swift */ = {isa = PBXFileReference; lastKnownFileType = sourcecode.swift; path = CategoryListViewController.swift; sourceTree = "<group>"; };
		BFDAE32F2CE5FEE000ECAA6F /* CategoryListViewModel.swift */ = {isa = PBXFileReference; lastKnownFileType = sourcecode.swift; path = CategoryListViewModel.swift; sourceTree = "<group>"; };
		BFDAE3312CE600FA00ECAA6F /* ViewState.swift */ = {isa = PBXFileReference; lastKnownFileType = sourcecode.swift; path = ViewState.swift; sourceTree = "<group>"; };
		BFDAE3332CE6012B00ECAA6F /* EmptyStateType.swift */ = {isa = PBXFileReference; lastKnownFileType = sourcecode.swift; path = EmptyStateType.swift; sourceTree = "<group>"; };
		BFDAE3352CE6045B00ECAA6F /* EmptyStateView.swift */ = {isa = PBXFileReference; lastKnownFileType = sourcecode.swift; path = EmptyStateView.swift; sourceTree = "<group>"; };
		BFDAE35E2CE760B700ECAA6F /* en */ = {isa = PBXFileReference; lastKnownFileType = text.plist.strings; name = en; path = en.lproj/Localizable.strings; sourceTree = "<group>"; };
		BFDAE3602CE7618800ECAA6F /* ru */ = {isa = PBXFileReference; lastKnownFileType = text.plist.strings; name = ru; path = ru.lproj/LaunchScreen.strings; sourceTree = "<group>"; };
		BFDAE3612CE7618800ECAA6F /* ru */ = {isa = PBXFileReference; lastKnownFileType = text.plist.strings; name = ru; path = ru.lproj/Localizable.strings; sourceTree = "<group>"; };
		BFDAE3622CE7630B00ECAA6F /* LocalizationHelper.swift */ = {isa = PBXFileReference; lastKnownFileType = sourcecode.swift; path = LocalizationHelper.swift; sourceTree = "<group>"; };
		BFDAE37E2CEDEC6500ECAA6F /* AnalyticsService.swift */ = {isa = PBXFileReference; lastKnownFileType = sourcecode.swift; path = AnalyticsService.swift; sourceTree = "<group>"; };
		CCCB5FC4BF9A03240651C059 /* Pods-TrackerApp.release.xcconfig */ = {isa = PBXFileReference; includeInIndex = 1; lastKnownFileType = text.xcconfig; name = "Pods-TrackerApp.release.xcconfig"; path = "Target Support Files/Pods-TrackerApp/Pods-TrackerApp.release.xcconfig"; sourceTree = "<group>"; };
/* End PBXFileReference section */

/* Begin PBXFrameworksBuildPhase section */
		BF6D4C5B2CA6AE030097D803 /* Frameworks */ = {
			isa = PBXFrameworksBuildPhase;
			buildActionMask = 2147483647;
			files = (
				9314B20A17BF659BB55B9FDE /* Pods_TrackerApp.framework in Frameworks */,
			);
			runOnlyForDeploymentPostprocessing = 0;
		};
		BF6D4C712CA6AE050097D803 /* Frameworks */ = {
			isa = PBXFrameworksBuildPhase;
			buildActionMask = 2147483647;
			files = (
				635EAF80DFC410FD3B043D82 /* Pods_TrackerAppTests.framework in Frameworks */,
			);
			runOnlyForDeploymentPostprocessing = 0;
		};
		BF6D4C7B2CA6AE050097D803 /* Frameworks */ = {
			isa = PBXFrameworksBuildPhase;
			buildActionMask = 2147483647;
			files = (
				BF8F2736B93E549B29DA24B3 /* Pods_TrackerApp_TrackerAppUITests.framework in Frameworks */,
			);
			runOnlyForDeploymentPostprocessing = 0;
		};
/* End PBXFrameworksBuildPhase section */

/* Begin PBXGroup section */
		963FDFF4489A1A8A0C926E91 /* Pods */ = {
			isa = PBXGroup;
			children = (
				0B4B6964B3EAB4419FB16F6E /* Pods-TrackerApp.debug.xcconfig */,
				CCCB5FC4BF9A03240651C059 /* Pods-TrackerApp.release.xcconfig */,
				30152943C13F9EE39EC1794B /* Pods-TrackerApp-TrackerAppUITests.debug.xcconfig */,
				7C9A7C3E960E4C05F69D68F2 /* Pods-TrackerApp-TrackerAppUITests.release.xcconfig */,
				0F9C84E2224FAEE3F58004C5 /* Pods-TrackerAppTests.debug.xcconfig */,
				473E51D3ED73D3C8CA599183 /* Pods-TrackerAppTests.release.xcconfig */,
			);
			path = Pods;
			sourceTree = "<group>";
		};
		BF6D4C552CA6AE030097D803 = {
			isa = PBXGroup;
			children = (
				BFB4255C2CAAB0A400CA4BAF /* TrackerApp */,
				BFB4256B2CAAB0AB00CA4BAF /* TrackerAppTests */,
				BFB4256F2CAAB0AE00CA4BAF /* TrackerAppUITests */,
				BF6D4C5F2CA6AE030097D803 /* Products */,
				963FDFF4489A1A8A0C926E91 /* Pods */,
				E6AE029DB78E43AA4F7377BC /* Frameworks */,
			);
			sourceTree = "<group>";
		};
		BF6D4C5F2CA6AE030097D803 /* Products */ = {
			isa = PBXGroup;
			children = (
				BF6D4C5E2CA6AE030097D803 /* TrackerApp.app */,
				BF6D4C742CA6AE050097D803 /* TrackerAppTests.xctest */,
				BF6D4C7E2CA6AE050097D803 /* TrackerAppUITests.xctest */,
			);
			name = Products;
			sourceTree = "<group>";
		};
		BFB4254F2CAAB0A400CA4BAF /* Models */ = {
			isa = PBXGroup;
			children = (
				BFB425722CAAB18D00CA4BAF /* WeekDay.swift */,
				BFB4254C2CAAB0A400CA4BAF /* Tracker.swift */,
				BFB4254D2CAAB0A400CA4BAF /* TrackerCategory.swift */,
				BFB4254E2CAAB0A400CA4BAF /* TrackerRecord.swift */,
			);
			path = Models;
			sourceTree = "<group>";
		};
		BFB4255C2CAAB0A400CA4BAF /* TrackerApp */ = {
			isa = PBXGroup;
			children = (
				BFDAE35C2CE7609B00ECAA6F /* Resources */,
				BFB425502CAAB0A400CA4BAF /* AppDelegate.swift */,
				BFB425572CAAB0A400CA4BAF /* SceneDelegate.swift */,
				BFDAE2A02CCA763E00ECAA6F /* CoreData */,
				BFDAE3232CE4B61000ECAA6F /* Onboarding */,
				BFB425972CB51E2700CA4BAF /* Statistics */,
				BFB425952CB51DC600CA4BAF /* Tracker */,
				BFB425962CB51DF800CA4BAF /* HabitCreation */,
				BFDAE3282CE5F3D200ECAA6F /* Category */,
				BFB4254F2CAAB0A400CA4BAF /* Models */,
				BFB425512CAAB0A400CA4BAF /* Assets.xcassets */,
				BFB425522CAAB0A400CA4BAF /* Info.plist */,
				BFB425542CAAB0A400CA4BAF /* LaunchScreen.storyboard */,
				BFDAE2222CC2762300ECAA6F /* Helpers */,
				BFB4258B2CAFF78600CA4BAF /* TabBarController.swift */,
				BFDAE37E2CEDEC6500ECAA6F /* AnalyticsService.swift */,
			);
			path = TrackerApp;
			sourceTree = "<group>";
		};
		BFB4256B2CAAB0AB00CA4BAF /* TrackerAppTests */ = {
			isa = PBXGroup;
			children = (
				BFB4256A2CAAB0AB00CA4BAF /* TrackerAppTests.swift */,
			);
			path = TrackerAppTests;
			sourceTree = "<group>";
		};
		BFB4256F2CAAB0AE00CA4BAF /* TrackerAppUITests */ = {
			isa = PBXGroup;
			children = (
				BFB4256D2CAAB0AE00CA4BAF /* TrackerAppUITests.swift */,
				BFB4256E2CAAB0AE00CA4BAF /* TrackerAppUITestsLaunchTests.swift */,
			);
			path = TrackerAppUITests;
			sourceTree = "<group>";
		};
		BFB425952CB51DC600CA4BAF /* Tracker */ = {
			isa = PBXGroup;
			children = (
				BFDAE2202CB7DA3E00ECAA6F /* TrackerCVHeader.swift */,
				BFB4258D2CB2C87B00CA4BAF /* TrackersCollectionViewCell.swift */,
				BFB425592CAAB0A400CA4BAF /* AddTrackerViewController.swift */,
				BFB4255A2CAAB0A400CA4BAF /* TrackerViewController.swift */,
			);
			path = Tracker;
			sourceTree = "<group>";
		};
		BFB425962CB51DF800CA4BAF /* HabitCreation */ = {
			isa = PBXGroup;
			children = (
				BFDAE2712CCA4E6200ECAA6F /* TrackerCreationCVHeader.swift */,
				BFDAE26F2CC9081B00ECAA6F /* ColorSelectionCollectionViewCell.swift */,
				BFDAE26D2CC9064C00ECAA6F /* EmojiCollectionViewCell.swift */,
				BFB425912CB3E13A00CA4BAF /* CreateHabbitTableViewCell.swift */,
				BFB4258F2CB2D05600CA4BAF /* CreateHabitViewController.swift */,
				BFB425932CB3E55000CA4BAF /* ScheduleViewController.swift */,
			);
			path = HabitCreation;
			sourceTree = "<group>";
		};
		BFB425972CB51E2700CA4BAF /* Statistics */ = {
			isa = PBXGroup;
			children = (
				BFB425582CAAB0A400CA4BAF /* StatisticsViewController.swift */,
			);
			path = Statistics;
			sourceTree = "<group>";
		};
		BFDAE2222CC2762300ECAA6F /* Helpers */ = {
			isa = PBXGroup;
			children = (
				BFDAE3622CE7630B00ECAA6F /* LocalizationHelper.swift */,
				BFDAE2AE2CD0E68200ECAA6F /* UIColor+Extension.swift */,
				BFDAE22A2CC79D6600ECAA6F /* UIViewContoller+Extensions.swift */,
				BFDAE2282CC654D000ECAA6F /* TrackerPlaceholderView.swift */,
				BFDAE2262CC6545A00ECAA6F /* TrackerFilterPlaceholder.swift */,
				BFDAE2232CC2762F00ECAA6F /* GeometricParameters.swift */,
				BFB4259A2CB521A400CA4BAF /* UIView+Extension.swift */,
				BFDAE3312CE600FA00ECAA6F /* ViewState.swift */,
				BFDAE3332CE6012B00ECAA6F /* EmptyStateType.swift */,
				BFDAE3352CE6045B00ECAA6F /* EmptyStateView.swift */,
			);
			path = Helpers;
			sourceTree = "<group>";
		};
		BFDAE2A02CCA763E00ECAA6F /* CoreData */ = {
			isa = PBXGroup;
			children = (
				BFDAE2B02CD8D4BC00ECAA6F /* CoreDataMain.swift */,
				BFDAE2AC2CCA85CF00ECAA6F /* TrackerRecordStore.swift */,
				BFDAE2AA2CCA85C300ECAA6F /* TrackerCategoryStore.swift */,
				BFDAE2A82CCA85B600ECAA6F /* TrackerStore.swift */,
				BFDAE2A32CCA76B800ECAA6F /* TrackerModel.xcdatamodeld */,
			);
			path = CoreData;
			sourceTree = "<group>";
		};
		BFDAE3232CE4B61000ECAA6F /* Onboarding */ = {
			isa = PBXGroup;
			children = (
				BFDAE3242CE4B68B00ECAA6F /* OnboardingPageViewController.swift */,
				BFDAE3262CE4B69E00ECAA6F /* OnboardingViewController.swift */,
			);
			path = Onboarding;
			sourceTree = "<group>";
		};
		BFDAE3282CE5F3D200ECAA6F /* Category */ = {
			isa = PBXGroup;
			children = (
				BFDAE3292CE5F3FB00ECAA6F /* CategoryCreationViewController.swift */,
				BFDAE32B2CE5F4C600ECAA6F /* CategoryCreationViewModel.swift */,
				BFDAE32D2CE5FE5600ECAA6F /* CategoryListViewController.swift */,
				BFDAE32F2CE5FEE000ECAA6F /* CategoryListViewModel.swift */,
			);
			path = Category;
			sourceTree = "<group>";
		};
		BFDAE35C2CE7609B00ECAA6F /* Resources */ = {
			isa = PBXGroup;
			children = (
				BFDAE35D2CE760B700ECAA6F /* Localizable.strings */,
			);
			path = Resources;
			sourceTree = "<group>";
		};
		E6AE029DB78E43AA4F7377BC /* Frameworks */ = {
			isa = PBXGroup;
			children = (
				25678C49A577ACD45584B68C /* Pods_TrackerApp.framework */,
				9E6D1EDEAB5C395C9D4076F5 /* Pods_TrackerApp_TrackerAppUITests.framework */,
				8AFF03076DF0A2D9CB38853F /* Pods_TrackerAppTests.framework */,
			);
			name = Frameworks;
			sourceTree = "<group>";
		};
/* End PBXGroup section */

/* Begin PBXNativeTarget section */
		BF6D4C5D2CA6AE030097D803 /* TrackerApp */ = {
			isa = PBXNativeTarget;
			buildConfigurationList = BF6D4C872CA6AE050097D803 /* Build configuration list for PBXNativeTarget "TrackerApp" */;
			buildPhases = (
				DF27E227CB7C705E79302932 /* [CP] Check Pods Manifest.lock */,
				BF6D4C5A2CA6AE030097D803 /* Sources */,
				BF6D4C5B2CA6AE030097D803 /* Frameworks */,
				BF6D4C5C2CA6AE030097D803 /* Resources */,
				4E278E4BEDEBF9BE0F388796 /* [CP] Embed Pods Frameworks */,
			);
			buildRules = (
			);
			dependencies = (
			);
			name = TrackerApp;
			productName = TrackerApp;
			productReference = BF6D4C5E2CA6AE030097D803 /* TrackerApp.app */;
			productType = "com.apple.product-type.application";
		};
		BF6D4C732CA6AE050097D803 /* TrackerAppTests */ = {
			isa = PBXNativeTarget;
			buildConfigurationList = BF6D4C8C2CA6AE050097D803 /* Build configuration list for PBXNativeTarget "TrackerAppTests" */;
			buildPhases = (
				BDDF09DCBD98768BFFCAD53D /* [CP] Check Pods Manifest.lock */,
				BF6D4C702CA6AE050097D803 /* Sources */,
				BF6D4C712CA6AE050097D803 /* Frameworks */,
				BF6D4C722CA6AE050097D803 /* Resources */,
			);
			buildRules = (
			);
			dependencies = (
				BF6D4C762CA6AE050097D803 /* PBXTargetDependency */,
			);
			name = TrackerAppTests;
			productName = TrackerAppTests;
			productReference = BF6D4C742CA6AE050097D803 /* TrackerAppTests.xctest */;
			productType = "com.apple.product-type.bundle.unit-test";
		};
		BF6D4C7D2CA6AE050097D803 /* TrackerAppUITests */ = {
			isa = PBXNativeTarget;
			buildConfigurationList = BF6D4C8F2CA6AE050097D803 /* Build configuration list for PBXNativeTarget "TrackerAppUITests" */;
			buildPhases = (
				6E2CEECA8DA74241F1102BEA /* [CP] Check Pods Manifest.lock */,
				BF6D4C7A2CA6AE050097D803 /* Sources */,
				BF6D4C7B2CA6AE050097D803 /* Frameworks */,
				BF6D4C7C2CA6AE050097D803 /* Resources */,
				4DCBC8D06434E57BB4CF9615 /* [CP] Embed Pods Frameworks */,
			);
			buildRules = (
			);
			dependencies = (
				BF6D4C802CA6AE050097D803 /* PBXTargetDependency */,
			);
			name = TrackerAppUITests;
			productName = TrackerAppUITests;
			productReference = BF6D4C7E2CA6AE050097D803 /* TrackerAppUITests.xctest */;
			productType = "com.apple.product-type.bundle.ui-testing";
		};
/* End PBXNativeTarget section */

/* Begin PBXProject section */
		BF6D4C562CA6AE030097D803 /* Project object */ = {
			isa = PBXProject;
			attributes = {
				BuildIndependentTargetsInParallel = 1;
				LastSwiftUpdateCheck = 1600;
				LastUpgradeCheck = 1600;
				TargetAttributes = {
					BF6D4C5D2CA6AE030097D803 = {
						CreatedOnToolsVersion = 16.0;
					};
					BF6D4C732CA6AE050097D803 = {
						CreatedOnToolsVersion = 16.0;
						TestTargetID = BF6D4C5D2CA6AE030097D803;
					};
					BF6D4C7D2CA6AE050097D803 = {
						CreatedOnToolsVersion = 16.0;
						TestTargetID = BF6D4C5D2CA6AE030097D803;
					};
				};
			};
			buildConfigurationList = BF6D4C592CA6AE030097D803 /* Build configuration list for PBXProject "TrackerApp" */;
			developmentRegion = en;
			hasScannedForEncodings = 0;
			knownRegions = (
				en,
				Base,
				ru,
			);
			mainGroup = BF6D4C552CA6AE030097D803;
			minimizedProjectReferenceProxies = 1;
			preferredProjectObjectVersion = 77;
			productRefGroup = BF6D4C5F2CA6AE030097D803 /* Products */;
			projectDirPath = "";
			projectRoot = "";
			targets = (
				BF6D4C5D2CA6AE030097D803 /* TrackerApp */,
				BF6D4C732CA6AE050097D803 /* TrackerAppTests */,
				BF6D4C7D2CA6AE050097D803 /* TrackerAppUITests */,
			);
		};
/* End PBXProject section */

/* Begin PBXResourcesBuildPhase section */
		BF6D4C5C2CA6AE030097D803 /* Resources */ = {
			isa = PBXResourcesBuildPhase;
			buildActionMask = 2147483647;
			files = (
				BFB425662CAAB0A400CA4BAF /* Assets.xcassets in Resources */,
				BFDAE35F2CE760B700ECAA6F /* Localizable.strings in Resources */,
				BFB425682CAAB0A400CA4BAF /* LaunchScreen.storyboard in Resources */,
			);
			runOnlyForDeploymentPostprocessing = 0;
		};
		BF6D4C722CA6AE050097D803 /* Resources */ = {
			isa = PBXResourcesBuildPhase;
			buildActionMask = 2147483647;
			files = (
			);
			runOnlyForDeploymentPostprocessing = 0;
		};
		BF6D4C7C2CA6AE050097D803 /* Resources */ = {
			isa = PBXResourcesBuildPhase;
			buildActionMask = 2147483647;
			files = (
			);
			runOnlyForDeploymentPostprocessing = 0;
		};
/* End PBXResourcesBuildPhase section */

/* Begin PBXShellScriptBuildPhase section */
		4DCBC8D06434E57BB4CF9615 /* [CP] Embed Pods Frameworks */ = {
			isa = PBXShellScriptBuildPhase;
			buildActionMask = 2147483647;
			files = (
			);
			inputFileListPaths = (
				"${PODS_ROOT}/Target Support Files/Pods-TrackerApp-TrackerAppUITests/Pods-TrackerApp-TrackerAppUITests-frameworks-${CONFIGURATION}-input-files.xcfilelist",
			);
			name = "[CP] Embed Pods Frameworks";
			outputFileListPaths = (
				"${PODS_ROOT}/Target Support Files/Pods-TrackerApp-TrackerAppUITests/Pods-TrackerApp-TrackerAppUITests-frameworks-${CONFIGURATION}-output-files.xcfilelist",
			);
			runOnlyForDeploymentPostprocessing = 0;
			shellPath = /bin/sh;
			shellScript = "\"${PODS_ROOT}/Target Support Files/Pods-TrackerApp-TrackerAppUITests/Pods-TrackerApp-TrackerAppUITests-frameworks.sh\"\n";
			showEnvVarsInLog = 0;
		};
		4E278E4BEDEBF9BE0F388796 /* [CP] Embed Pods Frameworks */ = {
			isa = PBXShellScriptBuildPhase;
			buildActionMask = 2147483647;
			files = (
			);
			inputFileListPaths = (
				"${PODS_ROOT}/Target Support Files/Pods-TrackerApp/Pods-TrackerApp-frameworks-${CONFIGURATION}-input-files.xcfilelist",
			);
			name = "[CP] Embed Pods Frameworks";
			outputFileListPaths = (
				"${PODS_ROOT}/Target Support Files/Pods-TrackerApp/Pods-TrackerApp-frameworks-${CONFIGURATION}-output-files.xcfilelist",
			);
			runOnlyForDeploymentPostprocessing = 0;
			shellPath = /bin/sh;
			shellScript = "\"${PODS_ROOT}/Target Support Files/Pods-TrackerApp/Pods-TrackerApp-frameworks.sh\"\n";
			showEnvVarsInLog = 0;
		};
		6E2CEECA8DA74241F1102BEA /* [CP] Check Pods Manifest.lock */ = {
			isa = PBXShellScriptBuildPhase;
			buildActionMask = 2147483647;
			files = (
			);
			inputFileListPaths = (
			);
			inputPaths = (
				"${PODS_PODFILE_DIR_PATH}/Podfile.lock",
				"${PODS_ROOT}/Manifest.lock",
			);
			name = "[CP] Check Pods Manifest.lock";
			outputFileListPaths = (
			);
			outputPaths = (
				"$(DERIVED_FILE_DIR)/Pods-TrackerApp-TrackerAppUITests-checkManifestLockResult.txt",
			);
			runOnlyForDeploymentPostprocessing = 0;
			shellPath = /bin/sh;
			shellScript = "diff \"${PODS_PODFILE_DIR_PATH}/Podfile.lock\" \"${PODS_ROOT}/Manifest.lock\" > /dev/null\nif [ $? != 0 ] ; then\n    # print error to STDERR\n    echo \"error: The sandbox is not in sync with the Podfile.lock. Run 'pod install' or update your CocoaPods installation.\" >&2\n    exit 1\nfi\n# This output is used by Xcode 'outputs' to avoid re-running this script phase.\necho \"SUCCESS\" > \"${SCRIPT_OUTPUT_FILE_0}\"\n";
			showEnvVarsInLog = 0;
		};
		BDDF09DCBD98768BFFCAD53D /* [CP] Check Pods Manifest.lock */ = {
			isa = PBXShellScriptBuildPhase;
			buildActionMask = 2147483647;
			files = (
			);
			inputFileListPaths = (
			);
			inputPaths = (
				"${PODS_PODFILE_DIR_PATH}/Podfile.lock",
				"${PODS_ROOT}/Manifest.lock",
			);
			name = "[CP] Check Pods Manifest.lock";
			outputFileListPaths = (
			);
			outputPaths = (
				"$(DERIVED_FILE_DIR)/Pods-TrackerAppTests-checkManifestLockResult.txt",
			);
			runOnlyForDeploymentPostprocessing = 0;
			shellPath = /bin/sh;
			shellScript = "diff \"${PODS_PODFILE_DIR_PATH}/Podfile.lock\" \"${PODS_ROOT}/Manifest.lock\" > /dev/null\nif [ $? != 0 ] ; then\n    # print error to STDERR\n    echo \"error: The sandbox is not in sync with the Podfile.lock. Run 'pod install' or update your CocoaPods installation.\" >&2\n    exit 1\nfi\n# This output is used by Xcode 'outputs' to avoid re-running this script phase.\necho \"SUCCESS\" > \"${SCRIPT_OUTPUT_FILE_0}\"\n";
			showEnvVarsInLog = 0;
		};
		DF27E227CB7C705E79302932 /* [CP] Check Pods Manifest.lock */ = {
			isa = PBXShellScriptBuildPhase;
			buildActionMask = 2147483647;
			files = (
			);
			inputFileListPaths = (
			);
			inputPaths = (
				"${PODS_PODFILE_DIR_PATH}/Podfile.lock",
				"${PODS_ROOT}/Manifest.lock",
			);
			name = "[CP] Check Pods Manifest.lock";
			outputFileListPaths = (
			);
			outputPaths = (
				"$(DERIVED_FILE_DIR)/Pods-TrackerApp-checkManifestLockResult.txt",
			);
			runOnlyForDeploymentPostprocessing = 0;
			shellPath = /bin/sh;
			shellScript = "diff \"${PODS_PODFILE_DIR_PATH}/Podfile.lock\" \"${PODS_ROOT}/Manifest.lock\" > /dev/null\nif [ $? != 0 ] ; then\n    # print error to STDERR\n    echo \"error: The sandbox is not in sync with the Podfile.lock. Run 'pod install' or update your CocoaPods installation.\" >&2\n    exit 1\nfi\n# This output is used by Xcode 'outputs' to avoid re-running this script phase.\necho \"SUCCESS\" > \"${SCRIPT_OUTPUT_FILE_0}\"\n";
			showEnvVarsInLog = 0;
		};
/* End PBXShellScriptBuildPhase section */

/* Begin PBXSourcesBuildPhase section */
		BF6D4C5A2CA6AE030097D803 /* Sources */ = {
			isa = PBXSourcesBuildPhase;
			buildActionMask = 2147483647;
			files = (
				BFB4255D2CAAB0A400CA4BAF /* Tracker.swift in Sources */,
				BFDAE32C2CE5F4C600ECAA6F /* CategoryCreationViewModel.swift in Sources */,
				BFDAE3362CE6045B00ECAA6F /* EmptyStateView.swift in Sources */,
				BFDAE32A2CE5F3FB00ECAA6F /* CategoryCreationViewController.swift in Sources */,
				BFDAE3272CE4B69E00ECAA6F /* OnboardingViewController.swift in Sources */,
				BFDAE32E2CE5FE5600ECAA6F /* CategoryListViewController.swift in Sources */,
				BFB4255E2CAAB0A400CA4BAF /* TrackerCategory.swift in Sources */,
				BFDAE22B2CC79D7100ECAA6F /* UIViewContoller+Extensions.swift in Sources */,
				BFB4259B2CB521B100CA4BAF /* UIView+Extension.swift in Sources */,
				BFDAE2B12CD8D4C200ECAA6F /* CoreDataMain.swift in Sources */,
				BFB425732CAAB19000CA4BAF /* WeekDay.swift in Sources */,
				BFDAE2242CC2763800ECAA6F /* GeometricParameters.swift in Sources */,
				BFDAE3252CE4B68B00ECAA6F /* OnboardingPageViewController.swift in Sources */,
				BFB4258E2CB2C87B00CA4BAF /* TrackersCollectionViewCell.swift in Sources */,
				BFDAE2AF2CD0E68800ECAA6F /* UIColor+Extension.swift in Sources */,
				BFDAE3322CE600FA00ECAA6F /* ViewState.swift in Sources */,
				BFDAE2702CC9081E00ECAA6F /* ColorSelectionCollectionViewCell.swift in Sources */,
				BFDAE2AB2CCA85CB00ECAA6F /* TrackerCategoryStore.swift in Sources */,
				BFDAE26E2CC9065000ECAA6F /* EmojiCollectionViewCell.swift in Sources */,
				BFB4258C2CAFF78600CA4BAF /* TabBarController.swift in Sources */,
				BFDAE3342CE6012B00ECAA6F /* EmptyStateType.swift in Sources */,
				BFB425942CB3E55400CA4BAF /* ScheduleViewController.swift in Sources */,
				BFB4255F2CAAB0A400CA4BAF /* TrackerRecord.swift in Sources */,
				BFB425922CB3E14500CA4BAF /* CreateHabbitTableViewCell.swift in Sources */,
				BFB425602CAAB0A400CA4BAF /* AppDelegate.swift in Sources */,
				BFDAE2A92CCA85BC00ECAA6F /* TrackerStore.swift in Sources */,
				BFDAE37F2CEDEC6500ECAA6F /* AnalyticsService.swift in Sources */,
				BFDAE3632CE7631400ECAA6F /* LocalizationHelper.swift in Sources */,
				BFDAE2A52CCA76B800ECAA6F /* TrackerModel.xcdatamodeld in Sources */,
				BFDAE3302CE5FEE000ECAA6F /* CategoryListViewModel.swift in Sources */,
				BFB425612CAAB0A400CA4BAF /* SceneDelegate.swift in Sources */,
				BFB425622CAAB0A400CA4BAF /* StatisticsViewController.swift in Sources */,
				BFDAE2212CB7DA4400ECAA6F /* TrackerCVHeader.swift in Sources */,
				BFDAE2722CCA4E6A00ECAA6F /* TrackerCreationCVHeader.swift in Sources */,
				BFB425902CB2D05600CA4BAF /* CreateHabitViewController.swift in Sources */,
				BFDAE2AD2CCA85D900ECAA6F /* TrackerRecordStore.swift in Sources */,
				BFB425632CAAB0A400CA4BAF /* AddTrackerViewController.swift in Sources */,
				BFDAE2292CC654D800ECAA6F /* TrackerPlaceholderView.swift in Sources */,
				BFDAE2272CC6547100ECAA6F /* TrackerFilterPlaceholder.swift in Sources */,
				BFB425642CAAB0A400CA4BAF /* TrackerViewController.swift in Sources */,
			);
			runOnlyForDeploymentPostprocessing = 0;
		};
		BF6D4C702CA6AE050097D803 /* Sources */ = {
			isa = PBXSourcesBuildPhase;
			buildActionMask = 2147483647;
			files = (
				BFB4256C2CAAB0AB00CA4BAF /* TrackerAppTests.swift in Sources */,
			);
			runOnlyForDeploymentPostprocessing = 0;
		};
		BF6D4C7A2CA6AE050097D803 /* Sources */ = {
			isa = PBXSourcesBuildPhase;
			buildActionMask = 2147483647;
			files = (
				BFB425702CAAB0AE00CA4BAF /* TrackerAppUITests.swift in Sources */,
				BFB425712CAAB0AE00CA4BAF /* TrackerAppUITestsLaunchTests.swift in Sources */,
			);
			runOnlyForDeploymentPostprocessing = 0;
		};
/* End PBXSourcesBuildPhase section */

/* Begin PBXTargetDependency section */
		BF6D4C762CA6AE050097D803 /* PBXTargetDependency */ = {
			isa = PBXTargetDependency;
			target = BF6D4C5D2CA6AE030097D803 /* TrackerApp */;
			targetProxy = BF6D4C752CA6AE050097D803 /* PBXContainerItemProxy */;
		};
		BF6D4C802CA6AE050097D803 /* PBXTargetDependency */ = {
			isa = PBXTargetDependency;
			target = BF6D4C5D2CA6AE030097D803 /* TrackerApp */;
			targetProxy = BF6D4C7F2CA6AE050097D803 /* PBXContainerItemProxy */;
		};
/* End PBXTargetDependency section */

/* Begin PBXVariantGroup section */
		BFB425542CAAB0A400CA4BAF /* LaunchScreen.storyboard */ = {
			isa = PBXVariantGroup;
			children = (
				BFB425532CAAB0A400CA4BAF /* Base */,
				BFDAE3602CE7618800ECAA6F /* ru */,
			);
			name = LaunchScreen.storyboard;
			sourceTree = "<group>";
		};
		BFDAE35D2CE760B700ECAA6F /* Localizable.strings */ = {
			isa = PBXVariantGroup;
			children = (
				BFDAE35E2CE760B700ECAA6F /* en */,
				BFDAE3612CE7618800ECAA6F /* ru */,
			);
			name = Localizable.strings;
			sourceTree = "<group>";
		};
/* End PBXVariantGroup section */

/* Begin XCBuildConfiguration section */
		BF6D4C882CA6AE050097D803 /* Debug */ = {
			isa = XCBuildConfiguration;
			baseConfigurationReference = 0B4B6964B3EAB4419FB16F6E /* Pods-TrackerApp.debug.xcconfig */;
			buildSettings = {
				ASSETCATALOG_COMPILER_APPICON_NAME = AppIcon;
				ASSETCATALOG_COMPILER_GLOBAL_ACCENT_COLOR_NAME = AccentColor;
				CODE_SIGN_STYLE = Automatic;
				CURRENT_PROJECT_VERSION = 1;
				DEVELOPMENT_TEAM = YDM65X7W86;
				GENERATE_INFOPLIST_FILE = YES;
				INFOPLIST_FILE = TrackerApp/Info.plist;
				INFOPLIST_KEY_UIApplicationSupportsIndirectInputEvents = YES;
				INFOPLIST_KEY_UILaunchStoryboardName = LaunchScreen;
				INFOPLIST_KEY_UISupportedInterfaceOrientations_iPad = "UIInterfaceOrientationPortrait UIInterfaceOrientationPortraitUpsideDown UIInterfaceOrientationLandscapeLeft UIInterfaceOrientationLandscapeRight";
				INFOPLIST_KEY_UISupportedInterfaceOrientations_iPhone = "UIInterfaceOrientationPortrait UIInterfaceOrientationLandscapeLeft UIInterfaceOrientationLandscapeRight";
				IPHONEOS_DEPLOYMENT_TARGET = 13.4;
				LD_RUNPATH_SEARCH_PATHS = (
					"$(inherited)",
					"@executable_path/Frameworks",
				);
				MARKETING_VERSION = 1.0;
				PRODUCT_BUNDLE_IDENTIFIER = "ru.praktikum.Image-Feed.TrackerApp";
				PRODUCT_NAME = "$(TARGET_NAME)";
				SUPPORTED_PLATFORMS = "iphoneos iphonesimulator";
				SUPPORTS_MACCATALYST = NO;
				SUPPORTS_XR_DESIGNED_FOR_IPHONE_IPAD = NO;
				SWIFT_EMIT_LOC_STRINGS = YES;
				SWIFT_VERSION = 5.0;
				TARGETED_DEVICE_FAMILY = 1;
			};
			name = Debug;
		};
		BF6D4C892CA6AE050097D803 /* Release */ = {
			isa = XCBuildConfiguration;
			baseConfigurationReference = CCCB5FC4BF9A03240651C059 /* Pods-TrackerApp.release.xcconfig */;
			buildSettings = {
				ASSETCATALOG_COMPILER_APPICON_NAME = AppIcon;
				ASSETCATALOG_COMPILER_GLOBAL_ACCENT_COLOR_NAME = AccentColor;
				CODE_SIGN_STYLE = Automatic;
				CURRENT_PROJECT_VERSION = 1;
				DEVELOPMENT_TEAM = YDM65X7W86;
				GENERATE_INFOPLIST_FILE = YES;
				INFOPLIST_FILE = TrackerApp/Info.plist;
				INFOPLIST_KEY_UIApplicationSupportsIndirectInputEvents = YES;
				INFOPLIST_KEY_UILaunchStoryboardName = LaunchScreen;
				INFOPLIST_KEY_UISupportedInterfaceOrientations_iPad = "UIInterfaceOrientationPortrait UIInterfaceOrientationPortraitUpsideDown UIInterfaceOrientationLandscapeLeft UIInterfaceOrientationLandscapeRight";
				INFOPLIST_KEY_UISupportedInterfaceOrientations_iPhone = "UIInterfaceOrientationPortrait UIInterfaceOrientationLandscapeLeft UIInterfaceOrientationLandscapeRight";
				IPHONEOS_DEPLOYMENT_TARGET = 13.4;
				LD_RUNPATH_SEARCH_PATHS = (
					"$(inherited)",
					"@executable_path/Frameworks",
				);
				MARKETING_VERSION = 1.0;
				PRODUCT_BUNDLE_IDENTIFIER = "ru.praktikum.Image-Feed.TrackerApp";
				PRODUCT_NAME = "$(TARGET_NAME)";
				SUPPORTED_PLATFORMS = "iphoneos iphonesimulator";
				SUPPORTS_MACCATALYST = NO;
				SUPPORTS_XR_DESIGNED_FOR_IPHONE_IPAD = NO;
				SWIFT_EMIT_LOC_STRINGS = YES;
				SWIFT_VERSION = 5.0;
				TARGETED_DEVICE_FAMILY = 1;
			};
			name = Release;
		};
		BF6D4C8A2CA6AE050097D803 /* Debug */ = {
			isa = XCBuildConfiguration;
			buildSettings = {
				ALWAYS_SEARCH_USER_PATHS = NO;
				ASSETCATALOG_COMPILER_GENERATE_SWIFT_ASSET_SYMBOL_EXTENSIONS = YES;
				CLANG_ANALYZER_LOCALIZABILITY_NONLOCALIZED = YES;
				CLANG_ANALYZER_NONNULL = YES;
				CLANG_ANALYZER_NUMBER_OBJECT_CONVERSION = YES_AGGRESSIVE;
				CLANG_CXX_LANGUAGE_STANDARD = "gnu++20";
				CLANG_ENABLE_MODULES = YES;
				CLANG_ENABLE_OBJC_ARC = YES;
				CLANG_ENABLE_OBJC_WEAK = YES;
				CLANG_WARN_BLOCK_CAPTURE_AUTORELEASING = YES;
				CLANG_WARN_BOOL_CONVERSION = YES;
				CLANG_WARN_COMMA = YES;
				CLANG_WARN_CONSTANT_CONVERSION = YES;
				CLANG_WARN_DEPRECATED_OBJC_IMPLEMENTATIONS = YES;
				CLANG_WARN_DIRECT_OBJC_ISA_USAGE = YES_ERROR;
				CLANG_WARN_DOCUMENTATION_COMMENTS = YES;
				CLANG_WARN_EMPTY_BODY = YES;
				CLANG_WARN_ENUM_CONVERSION = YES;
				CLANG_WARN_INFINITE_RECURSION = YES;
				CLANG_WARN_INT_CONVERSION = YES;
				CLANG_WARN_NON_LITERAL_NULL_CONVERSION = YES;
				CLANG_WARN_OBJC_IMPLICIT_RETAIN_SELF = YES;
				CLANG_WARN_OBJC_LITERAL_CONVERSION = YES;
				CLANG_WARN_OBJC_ROOT_CLASS = YES_ERROR;
				CLANG_WARN_QUOTED_INCLUDE_IN_FRAMEWORK_HEADER = YES;
				CLANG_WARN_RANGE_LOOP_ANALYSIS = YES;
				CLANG_WARN_STRICT_PROTOTYPES = YES;
				CLANG_WARN_SUSPICIOUS_MOVE = YES;
				CLANG_WARN_UNGUARDED_AVAILABILITY = YES_AGGRESSIVE;
				CLANG_WARN_UNREACHABLE_CODE = YES;
				CLANG_WARN__DUPLICATE_METHOD_MATCH = YES;
				COPY_PHASE_STRIP = NO;
				DEBUG_INFORMATION_FORMAT = dwarf;
				ENABLE_STRICT_OBJC_MSGSEND = YES;
				ENABLE_TESTABILITY = YES;
				ENABLE_USER_SCRIPT_SANDBOXING = NO;
				GCC_C_LANGUAGE_STANDARD = gnu17;
				GCC_DYNAMIC_NO_PIC = NO;
				GCC_NO_COMMON_BLOCKS = YES;
				GCC_OPTIMIZATION_LEVEL = 0;
				GCC_PREPROCESSOR_DEFINITIONS = (
					"DEBUG=1",
					"$(inherited)",
				);
				GCC_WARN_64_TO_32_BIT_CONVERSION = YES;
				GCC_WARN_ABOUT_RETURN_TYPE = YES_ERROR;
				GCC_WARN_UNDECLARED_SELECTOR = YES;
				GCC_WARN_UNINITIALIZED_AUTOS = YES_AGGRESSIVE;
				GCC_WARN_UNUSED_FUNCTION = YES;
				GCC_WARN_UNUSED_VARIABLE = YES;
				IPHONEOS_DEPLOYMENT_TARGET = 13.4;
				LOCALIZATION_PREFERS_STRING_CATALOGS = YES;
				MTL_ENABLE_DEBUG_INFO = INCLUDE_SOURCE;
				MTL_FAST_MATH = YES;
				ONLY_ACTIVE_ARCH = YES;
				SDKROOT = iphoneos;
				SWIFT_ACTIVE_COMPILATION_CONDITIONS = "DEBUG $(inherited)";
				SWIFT_OPTIMIZATION_LEVEL = "-Onone";
			};
			name = Debug;
		};
		BF6D4C8B2CA6AE050097D803 /* Release */ = {
			isa = XCBuildConfiguration;
			buildSettings = {
				ALWAYS_SEARCH_USER_PATHS = NO;
				ASSETCATALOG_COMPILER_GENERATE_SWIFT_ASSET_SYMBOL_EXTENSIONS = YES;
				CLANG_ANALYZER_LOCALIZABILITY_NONLOCALIZED = YES;
				CLANG_ANALYZER_NONNULL = YES;
				CLANG_ANALYZER_NUMBER_OBJECT_CONVERSION = YES_AGGRESSIVE;
				CLANG_CXX_LANGUAGE_STANDARD = "gnu++20";
				CLANG_ENABLE_MODULES = YES;
				CLANG_ENABLE_OBJC_ARC = YES;
				CLANG_ENABLE_OBJC_WEAK = YES;
				CLANG_WARN_BLOCK_CAPTURE_AUTORELEASING = YES;
				CLANG_WARN_BOOL_CONVERSION = YES;
				CLANG_WARN_COMMA = YES;
				CLANG_WARN_CONSTANT_CONVERSION = YES;
				CLANG_WARN_DEPRECATED_OBJC_IMPLEMENTATIONS = YES;
				CLANG_WARN_DIRECT_OBJC_ISA_USAGE = YES_ERROR;
				CLANG_WARN_DOCUMENTATION_COMMENTS = YES;
				CLANG_WARN_EMPTY_BODY = YES;
				CLANG_WARN_ENUM_CONVERSION = YES;
				CLANG_WARN_INFINITE_RECURSION = YES;
				CLANG_WARN_INT_CONVERSION = YES;
				CLANG_WARN_NON_LITERAL_NULL_CONVERSION = YES;
				CLANG_WARN_OBJC_IMPLICIT_RETAIN_SELF = YES;
				CLANG_WARN_OBJC_LITERAL_CONVERSION = YES;
				CLANG_WARN_OBJC_ROOT_CLASS = YES_ERROR;
				CLANG_WARN_QUOTED_INCLUDE_IN_FRAMEWORK_HEADER = YES;
				CLANG_WARN_RANGE_LOOP_ANALYSIS = YES;
				CLANG_WARN_STRICT_PROTOTYPES = YES;
				CLANG_WARN_SUSPICIOUS_MOVE = YES;
				CLANG_WARN_UNGUARDED_AVAILABILITY = YES_AGGRESSIVE;
				CLANG_WARN_UNREACHABLE_CODE = YES;
				CLANG_WARN__DUPLICATE_METHOD_MATCH = YES;
				COPY_PHASE_STRIP = NO;
				DEBUG_INFORMATION_FORMAT = "dwarf-with-dsym";
				ENABLE_NS_ASSERTIONS = NO;
				ENABLE_STRICT_OBJC_MSGSEND = YES;
				ENABLE_USER_SCRIPT_SANDBOXING = NO;
				GCC_C_LANGUAGE_STANDARD = gnu17;
				GCC_NO_COMMON_BLOCKS = YES;
				GCC_WARN_64_TO_32_BIT_CONVERSION = YES;
				GCC_WARN_ABOUT_RETURN_TYPE = YES_ERROR;
				GCC_WARN_UNDECLARED_SELECTOR = YES;
				GCC_WARN_UNINITIALIZED_AUTOS = YES_AGGRESSIVE;
				GCC_WARN_UNUSED_FUNCTION = YES;
				GCC_WARN_UNUSED_VARIABLE = YES;
				IPHONEOS_DEPLOYMENT_TARGET = 13.4;
				LOCALIZATION_PREFERS_STRING_CATALOGS = YES;
				MTL_ENABLE_DEBUG_INFO = NO;
				MTL_FAST_MATH = YES;
				SDKROOT = iphoneos;
				SWIFT_COMPILATION_MODE = wholemodule;
				VALIDATE_PRODUCT = YES;
			};
			name = Release;
		};
		BF6D4C8D2CA6AE050097D803 /* Debug */ = {
			isa = XCBuildConfiguration;
			baseConfigurationReference = 0F9C84E2224FAEE3F58004C5 /* Pods-TrackerAppTests.debug.xcconfig */;
			buildSettings = {
				BUNDLE_LOADER = "$(TEST_HOST)";
				CODE_SIGN_STYLE = Automatic;
				CURRENT_PROJECT_VERSION = 1;
				DEVELOPMENT_TEAM = YDM65X7W86;
				GENERATE_INFOPLIST_FILE = YES;
				IPHONEOS_DEPLOYMENT_TARGET = 18.0;
				MARKETING_VERSION = 1.0;
				PRODUCT_BUNDLE_IDENTIFIER = "ru.praktikum.Image-Feed.TrackerAppTests";
				PRODUCT_NAME = "$(TARGET_NAME)";
				SWIFT_EMIT_LOC_STRINGS = NO;
				SWIFT_VERSION = 5.0;
				TARGETED_DEVICE_FAMILY = "1,2";
				TEST_HOST = "$(BUILT_PRODUCTS_DIR)/TrackerApp.app/$(BUNDLE_EXECUTABLE_FOLDER_PATH)/TrackerApp";
			};
			name = Debug;
		};
		BF6D4C8E2CA6AE050097D803 /* Release */ = {
			isa = XCBuildConfiguration;
			baseConfigurationReference = 473E51D3ED73D3C8CA599183 /* Pods-TrackerAppTests.release.xcconfig */;
			buildSettings = {
				BUNDLE_LOADER = "$(TEST_HOST)";
				CODE_SIGN_STYLE = Automatic;
				CURRENT_PROJECT_VERSION = 1;
				DEVELOPMENT_TEAM = YDM65X7W86;
				GENERATE_INFOPLIST_FILE = YES;
				IPHONEOS_DEPLOYMENT_TARGET = 18.0;
				MARKETING_VERSION = 1.0;
				PRODUCT_BUNDLE_IDENTIFIER = "ru.praktikum.Image-Feed.TrackerAppTests";
				PRODUCT_NAME = "$(TARGET_NAME)";
				SWIFT_EMIT_LOC_STRINGS = NO;
				SWIFT_VERSION = 5.0;
				TARGETED_DEVICE_FAMILY = "1,2";
				TEST_HOST = "$(BUILT_PRODUCTS_DIR)/TrackerApp.app/$(BUNDLE_EXECUTABLE_FOLDER_PATH)/TrackerApp";
			};
			name = Release;
		};
		BF6D4C902CA6AE050097D803 /* Debug */ = {
			isa = XCBuildConfiguration;
			baseConfigurationReference = 30152943C13F9EE39EC1794B /* Pods-TrackerApp-TrackerAppUITests.debug.xcconfig */;
			buildSettings = {
				CODE_SIGN_STYLE = Automatic;
				CURRENT_PROJECT_VERSION = 1;
				DEVELOPMENT_TEAM = YDM65X7W86;
				GENERATE_INFOPLIST_FILE = YES;
				MARKETING_VERSION = 1.0;
				PRODUCT_BUNDLE_IDENTIFIER = "ru.praktikum.Image-Feed.TrackerAppUITests";
				PRODUCT_NAME = "$(TARGET_NAME)";
				SWIFT_EMIT_LOC_STRINGS = NO;
				SWIFT_VERSION = 5.0;
				TARGETED_DEVICE_FAMILY = "1,2";
				TEST_TARGET_NAME = TrackerApp;
			};
			name = Debug;
		};
		BF6D4C912CA6AE050097D803 /* Release */ = {
			isa = XCBuildConfiguration;
			baseConfigurationReference = 7C9A7C3E960E4C05F69D68F2 /* Pods-TrackerApp-TrackerAppUITests.release.xcconfig */;
			buildSettings = {
				CODE_SIGN_STYLE = Automatic;
				CURRENT_PROJECT_VERSION = 1;
				DEVELOPMENT_TEAM = YDM65X7W86;
				GENERATE_INFOPLIST_FILE = YES;
				MARKETING_VERSION = 1.0;
				PRODUCT_BUNDLE_IDENTIFIER = "ru.praktikum.Image-Feed.TrackerAppUITests";
				PRODUCT_NAME = "$(TARGET_NAME)";
				SWIFT_EMIT_LOC_STRINGS = NO;
				SWIFT_VERSION = 5.0;
				TARGETED_DEVICE_FAMILY = "1,2";
				TEST_TARGET_NAME = TrackerApp;
			};
			name = Release;
		};
/* End XCBuildConfiguration section */

/* Begin XCConfigurationList section */
		BF6D4C592CA6AE030097D803 /* Build configuration list for PBXProject "TrackerApp" */ = {
			isa = XCConfigurationList;
			buildConfigurations = (
				BF6D4C8A2CA6AE050097D803 /* Debug */,
				BF6D4C8B2CA6AE050097D803 /* Release */,
			);
			defaultConfigurationIsVisible = 0;
			defaultConfigurationName = Release;
		};
		BF6D4C872CA6AE050097D803 /* Build configuration list for PBXNativeTarget "TrackerApp" */ = {
			isa = XCConfigurationList;
			buildConfigurations = (
				BF6D4C882CA6AE050097D803 /* Debug */,
				BF6D4C892CA6AE050097D803 /* Release */,
			);
			defaultConfigurationIsVisible = 0;
			defaultConfigurationName = Release;
		};
		BF6D4C8C2CA6AE050097D803 /* Build configuration list for PBXNativeTarget "TrackerAppTests" */ = {
			isa = XCConfigurationList;
			buildConfigurations = (
				BF6D4C8D2CA6AE050097D803 /* Debug */,
				BF6D4C8E2CA6AE050097D803 /* Release */,
			);
			defaultConfigurationIsVisible = 0;
			defaultConfigurationName = Release;
		};
		BF6D4C8F2CA6AE050097D803 /* Build configuration list for PBXNativeTarget "TrackerAppUITests" */ = {
			isa = XCConfigurationList;
			buildConfigurations = (
				BF6D4C902CA6AE050097D803 /* Debug */,
				BF6D4C912CA6AE050097D803 /* Release */,
			);
			defaultConfigurationIsVisible = 0;
			defaultConfigurationName = Release;
		};
/* End XCConfigurationList section */

/* Begin XCVersionGroup section */
		BFDAE2A32CCA76B800ECAA6F /* TrackerModel.xcdatamodeld */ = {
			isa = XCVersionGroup;
			children = (
				BFDAE2A42CCA76B800ECAA6F /* TrackerModel.xcdatamodel */,
			);
			currentVersion = BFDAE2A42CCA76B800ECAA6F /* TrackerModel.xcdatamodel */;
			path = TrackerModel.xcdatamodeld;
			sourceTree = "<group>";
			versionGroupType = wrapper.xcdatamodel;
		};
/* End XCVersionGroup section */
	};
	rootObject = BF6D4C562CA6AE030097D803 /* Project object */;
}
